
Microsoft Visual Studio Solution File, Format Version 12.00
# Visual Studio Version 17
VisualStudioVersion = 17.0.31919.166
MinimumVisualStudioVersion = 10.0.40219.1
Project("{FAE04EC0-301F-11D3-BF4B-00C04F79EFBC}") = "LeituraArquivos", "LeituraArquivos\LeituraArquivos.csproj", "{0C85CEC9-6801-43D0-BD92-2898EBD543CA}"
EndProject
Global
	GlobalSection(SolutionConfigurationPlatforms) = preSolution
		Debug|Any CPU = Debug|Any CPU
		Release|Any CPU = Release|Any CPU
	EndGlobalSection
	GlobalSection(ProjectConfigurationPlatforms) = postSolution
		{0C85CEC9-6801-43D0-BD92-2898EBD543CA}.Debug|Any CPU.ActiveCfg = Debug|Any CPU
		{0C85CEC9-6801-43D0-BD92-2898EBD543CA}.Debug|Any CPU.Build.0 = Debug|Any CPU
		{0C85CEC9-6801-43D0-BD92-2898EBD543CA}.Release|Any CPU.ActiveCfg = Release|Any CPU
		{0C85CEC9-6801-43D0-BD92-2898EBD543CA}.Release|Any CPU.Build.0 = Release|Any CPU
	EndGlobalSection
	GlobalSection(SolutionProperties) = preSolution
		HideSolutionNode = FALSE
	EndGlobalSection
	GlobalSection(ExtensibilityGlobals) = postSolution
		SolutionGuid = {926D938B-179F-4E1E-818C-CF7D3A842A2F}
	EndGlobalSection
EndGlobal
